
Microsoft Visual Studio Solution File, Format Version 12.00
# Visual Studio Version 16
VisualStudioVersion = 16.0.30611.23
MinimumVisualStudioVersion = 10.0.40219.1
Project("{FAE04EC0-301F-11D3-BF4B-00C04F79EFBC}") = "WpfApp5", "WpfApp5.csproj", "{84F633E1-6BC0-4B21-AB6B-BD7C12AC0D85}"
EndProject
Global
	GlobalSection(SolutionConfigurationPlatforms) = preSolution
		Debug|Any CPU = Debug|Any CPU
		Release|Any CPU = Release|Any CPU
	EndGlobalSection
	GlobalSection(ProjectConfigurationPlatforms) = postSolution
		{84F633E1-6BC0-4B21-AB6B-BD7C12AC0D85}.Debug|Any CPU.ActiveCfg = Debug|Any CPU
		{84F633E1-6BC0-4B21-AB6B-BD7C12AC0D85}.Debug|Any CPU.Build.0 = Debug|Any CPU
		{84F633E1-6BC0-4B21-AB6B-BD7C12AC0D85}.Release|Any CPU.ActiveCfg = Release|Any CPU
		{84F633E1-6BC0-4B21-AB6B-BD7C12AC0D85}.Release|Any CPU.Build.0 = Release|Any CPU
	EndGlobalSection
	GlobalSection(SolutionProperties) = preSolution
		HideSolutionNode = FALSE
	EndGlobalSection
	GlobalSection(ExtensibilityGlobals) = postSolution
		SolutionGuid = {CA328AE1-C10E-4659-ADA6-4598F9837D70}
	EndGlobalSection
EndGlobal
